<?xml version="1.0" encoding="utf-8"?>
<Project ToolsVersion="4.0" xmlns="http://schemas.microsoft.com/developer/msbuild/2003">
  <ItemGroup>
    <Filter Include="Source Files">
      <UniqueIdentifier>{4FC737F1-C7A5-4376-A066-2A32D752A2FF}</UniqueIdentifier>
      <Extensions>cpp;c;cc;cxx;def;odl;idl;hpj;bat;asm;asmx</Extensions>
    </Filter>
    <Filter Include="Header Files">
      <UniqueIdentifier>{93995380-89BD-4b04-88EB-625FBE52EBFB}</UniqueIdentifier>
      <Extensions>h;hh;hpp;hxx;hm;inl;inc;xsd</Extensions>
    </Filter>
    <Filter Include="Resource Files">
      <UniqueIdentifier>{67DA6AB6-F800-4c08-8B7A-83BB121AAD01}</UniqueIdentifier>
      <Extensions>rc;ico;cur;bmp;dlg;rc2;rct;bin;rgs;gif;jpg;jpeg;jpe;resx;tiff;tif;png;wav</Extensions>
    </Filter>
    <Filter Include="Library Files">
      <UniqueIdentifier>{9f8ecd64-20d8-400b-8948-7ffb7c7d4fd9}</UniqueIdentifier>
    </Filter>
    <Filter Include="Source Files\SQLiteCpp">
      <UniqueIdentifier>{d8bd8154-131c-4c63-82d5-cc5ba6f7d87a}</UniqueIdentifier>
    </Filter>
    <Filter Include="Header Files\SQLiteCpp">
      <UniqueIdentifier>{88cbc33a-65e4-4f50-8e71-c73d73efa0d0}</UniqueIdentifier>
    </Filter>
    <Filter Include="Header Files\Repository">
      <UniqueIdentifier>{b42a3ed2-3ffb-4da8-817a-c5f445b1e302}</UniqueIdentifier>
    </Filter>
    <Filter Include="Header Files\Entity">
      <UniqueIdentifier>{b745927b-abde-46e4-95ed-b0b12c8b2f33}</UniqueIdentifier>
    </Filter>
    <Filter Include="Source Files\Entity">
      <UniqueIdentifier>{1b401217-d453-4f12-8a1a-e8ee36d5fd61}</UniqueIdentifier>
    </Filter>
    <Filter Include="Source Files\Repository">
      <UniqueIdentifier>{cd415af9-e1b2-40cc-bfca-9993559e2e24}</UniqueIdentifier>
    </Filter>
  </ItemGroup>
  <ItemGroup>
    <ClCompile Include="src\SQLiteCpp\Backup.cpp">
      <Filter>Source Files\SQLiteCpp</Filter>
    </ClCompile>
    <ClCompile Include="src\SQLiteCpp\Column.cpp">
      <Filter>Source Files\SQLiteCpp</Filter>
    </ClCompile>
    <ClCompile Include="src\SQLiteCpp\Database.cpp">
      <Filter>Source Files\SQLiteCpp</Filter>
    </ClCompile>
    <ClCompile Include="src\SQLiteCpp\Statement.cpp">
      <Filter>Source Files\SQLiteCpp</Filter>
    </ClCompile>
    <ClCompile Include="src\SQLiteCpp\Transaction.cpp">
      <Filter>Source Files\SQLiteCpp</Filter>
    </ClCompile>
    <ClCompile Include="src\main.cpp">
      <Filter>Source Files</Filter>
    </ClCompile>
    <ClCompile Include="src\ORM.cpp">
      <Filter>Source Files</Filter>
    </ClCompile>
    <ClCompile Include="src\Movie.cpp">
      <Filter>Source Files\Entity</Filter>
    </ClCompile>
    <ClCompile Include="src\MovieRepository.cpp">
      <Filter>Source Files\Repository</Filter>
    </ClCompile>
    <ClCompile Include="src\UserRepository.cpp">
      <Filter>Source Files\Repository</Filter>
    </ClCompile>
    <ClCompile Include="src\TheaterRepository.cpp">
      <Filter>Source Files\Repository</Filter>
    </ClCompile>
    <ClCompile Include="src\ShowRepository.cpp">
      <Filter>Source Files\Repository</Filter>
    </ClCompile>
    <ClCompile Include="src\RoomRepository.cpp">
      <Filter>Source Files\Repository</Filter>
    </ClCompile>
    <ClCompile Include="src\Menu.cpp">
      <Filter>Source Files</Filter>
    </ClCompile>
    <ClCompile Include="src\User.cpp">
      <Filter>Source Files\Entity</Filter>
    </ClCompile>
    <ClCompile Include="src\Theater.cpp">
      <Filter>Source Files\Entity</Filter>
    </ClCompile>
    <ClCompile Include="src\Show.cpp">
      <Filter>Source Files\Entity</Filter>
    </ClCompile>
    <ClCompile Include="src\Room.cpp">
      <Filter>Source Files\Entity</Filter>
    </ClCompile>
  </ItemGroup>
  <ItemGroup>
    <ClInclude Include="inc\SQLiteCpp\Assertion.h">
      <Filter>Header Files\SQLiteCpp</Filter>
    </ClInclude>
    <ClInclude Include="inc\SQLiteCpp\Backup.h">
      <Filter>Header Files\SQLiteCpp</Filter>
    </ClInclude>
    <ClInclude Include="inc\SQLiteCpp\Column.h">
      <Filter>Header Files\SQLiteCpp</Filter>
    </ClInclude>
    <ClInclude Include="inc\SQLiteCpp\Database.h">
      <Filter>Header Files\SQLiteCpp</Filter>
    </ClInclude>
    <ClInclude Include="inc\SQLiteCpp\Exception.h">
      <Filter>Header Files\SQLiteCpp</Filter>
    </ClInclude>
    <ClInclude Include="inc\SQLiteCpp\SQLiteCpp.h">
      <Filter>Header Files\SQLiteCpp</Filter>
    </ClInclude>
    <ClInclude Include="inc\SQLiteCpp\Statement.h">
      <Filter>Header Files\SQLiteCpp</Filter>
    </ClInclude>
    <ClInclude Include="inc\SQLiteCpp\Transaction.h">
      <Filter>Header Files\SQLiteCpp</Filter>
    </ClInclude>
    <ClInclude Include="inc\IEntity.h">
      <Filter>Header Files\Entity</Filter>
    </ClInclude>
    <ClInclude Include="inc\Movie.h">
      <Filter>Header Files\Entity</Filter>
    </ClInclude>
    <ClInclude Include="inc\ORM.h">
      <Filter>Header Files</Filter>
    </ClInclude>
    <ClInclude Include="inc\sqlite3.h">
      <Filter>Header Files</Filter>
    </ClInclude>
    <ClInclude Include="inc\MovieRepository.h">
      <Filter>Header Files\Repository</Filter>
    </ClInclude>
    <ClInclude Include="inc\Repository.h">
      <Filter>Header Files\Repository</Filter>
    </ClInclude>
    <ClInclude Include="inc\UserRepository.h">
      <Filter>Header Files\Repository</Filter>
    </ClInclude>
    <ClInclude Include="inc\TheaterRepository.h">
      <Filter>Header Files\Repository</Filter>
    </ClInclude>
    <ClInclude Include="inc\ShowRepository.h">
      <Filter>Header Files\Repository</Filter>
    </ClInclude>
    <ClInclude Include="inc\RoomRepository.h">
      <Filter>Header Files\Repository</Filter>
    </ClInclude>
    <ClInclude Include="inc\Menu.h">
      <Filter>Header Files</Filter>
    </ClInclude>
    <ClInclude Include="inc\User.h">
      <Filter>Header Files\Entity</Filter>
    </ClInclude>
    <ClInclude Include="inc\Theater.h">
      <Filter>Header Files\Entity</Filter>
    </ClInclude>
    <ClInclude Include="inc\Show.h">
      <Filter>Header Files\Entity</Filter>
    </ClInclude>
    <ClInclude Include="inc\Room.h">
      <Filter>Header Files\Entity</Filter>
    </ClInclude>
  </ItemGroup>
  <ItemGroup>
    <Library Include="lib\sqlite3.lib">
      <Filter>Library Files</Filter>
    </Library>
  </ItemGroup>
  <ItemGroup>
    <None Include="README.md" />
    <None Include=".gitignore" />
    <None Include="OOPsIWatchedItAgain.db" />
  </ItemGroup>
</Project>